
Microsoft Visual Studio Solution File, Format Version 12.00
# Visual Studio 2013
VisualStudioVersion = 12.0.21005.1
MinimumVisualStudioVersion = 10.0.40219.1
Project("{8BC9CEB8-8B4A-11D0-8D11-00A0C91BC942}") = "AIEFramework", "AIEFramework\AIEFramework_vs2013.vcxproj", "{BBD02D30-A9A5-41ED-9C12-67EC17B5C08B}"
	ProjectSection(ProjectDependencies) = postProject
		{5D056CED-A513-41EE-A0DD-6ECFE546F6B0} = {5D056CED-A513-41EE-A0DD-6ECFE546F6B0}
	EndProjectSection
EndProject
Project("{8BC9CEB8-8B4A-11D0-8D11-00A0C91BC942}") = "FBXLoader", "..\tools\FBXLoader\FBXLoader_vs2013.vcxproj", "{5D056CED-A513-41EE-A0DD-6ECFE546F6B0}"
EndProject
Project("{8BC9CEB8-8B4A-11D0-8D11-00A0C91BC942}") = "Tutorial3_Textures", "Tutorial3_Textures\Tutorial3_Textures.vcxproj", "{B53D0A73-FE97-43D0-910D-1C63FE462251}"
EndProject
Project("{8BC9CEB8-8B4A-11D0-8D11-00A0C91BC942}") = "Tutorial2_FBX", "Tutorial2_FBX\Tutorial2_FBX.vcxproj", "{EA502ADD-3A94-4605-A4E3-829AA0318B9E}"
	ProjectSection(ProjectDependencies) = postProject
		{BBD02D30-A9A5-41ED-9C12-67EC17B5C08B} = {BBD02D30-A9A5-41ED-9C12-67EC17B5C08B}
	EndProjectSection
EndProject
Project("{8BC9CEB8-8B4A-11D0-8D11-00A0C91BC942}") = "Tutorial4_Particles", "Tutorial4_Particles\Tutorial4_Particles.vcxproj", "{11608386-9E1E-4A13-86D3-5181F0B5D30F}"
EndProject
Project("{8BC9CEB8-8B4A-11D0-8D11-00A0C91BC942}") = "Tutorial5_Lighting", "Tutorial5_Lighting\Tutorial5_Lighting.vcxproj", "{A248C2D5-3B1D-47A3-BCC4-B98C7D2AC2B2}"
	ProjectSection(ProjectDependencies) = postProject
		{BBD02D30-A9A5-41ED-9C12-67EC17B5C08B} = {BBD02D30-A9A5-41ED-9C12-67EC17B5C08B}
	EndProjectSection
EndProject
Project("{8BC9CEB8-8B4A-11D0-8D11-00A0C91BC942}") = "Tutorial6_ParticlesGPU", "Tutorial6_ParticlesGPU\Tutorial6_ParticlesGPU.vcxproj", "{CAADB439-C592-4FA4-A5D7-19CEE3BC00EE}"
EndProject
Project("{8BC9CEB8-8B4A-11D0-8D11-00A0C91BC942}") = "Tutorial7_MultipleTextures", "Tutorial7_MultipleTextures\Tutorial7_MultipleTextures.vcxproj", "{5828425B-786A-4AE9-801A-0F141CEB4A17}"
	ProjectSection(ProjectDependencies) = postProject
		{BBD02D30-A9A5-41ED-9C12-67EC17B5C08B} = {BBD02D30-A9A5-41ED-9C12-67EC17B5C08B}
	EndProjectSection
EndProject
Project("{8BC9CEB8-8B4A-11D0-8D11-00A0C91BC942}") = "Tutorial7_MultipleTextures-NormalMap", "Tutorial7_MultipleTextures-NormalMap\Tutorial7_MultipleTextures-NormalMap.vcxproj", "{BF6FB829-4587-4A64-B0D1-44ACBD4E26FD}"
	ProjectSection(ProjectDependencies) = postProject
		{BBD02D30-A9A5-41ED-9C12-67EC17B5C08B} = {BBD02D30-A9A5-41ED-9C12-67EC17B5C08B}
	EndProjectSection
EndProject
Project("{8BC9CEB8-8B4A-11D0-8D11-00A0C91BC942}") = "Tutorial7_MultipleTextures-CubeMap", "Tutorial7_MultipleTextures-CubeMap\Tutorial7_MultipleTextures-CubeMap.vcxproj", "{7EBB12C1-3422-4AED-8844-F37693457433}"
	ProjectSection(ProjectDependencies) = postProject
		{BBD02D30-A9A5-41ED-9C12-67EC17B5C08B} = {BBD02D30-A9A5-41ED-9C12-67EC17B5C08B}
	EndProjectSection
EndProject
Project("{8BC9CEB8-8B4A-11D0-8D11-00A0C91BC942}") = "Tutorial8_Tesselation", "Tutorial8_Tesselation\Tutorial8_Tesselation.vcxproj", "{E1633FD4-D0E4-4C21-88AD-348F24FEB4BD}"
EndProject
Project("{8BC9CEB8-8B4A-11D0-8D11-00A0C91BC942}") = "Tutorial9_Animation", "Tutorial9_Animation\Tutorial9_Animation.vcxproj", "{B7C9A419-B469-4A18-857E-BE53FCF25ED8}"
EndProject
Project("{8BC9CEB8-8B4A-11D0-8D11-00A0C91BC942}") = "Tutorial10_RenderTargets", "Tutorial10_RenderTargets\Tutorial10_RenderTargets.vcxproj", "{092911FC-C705-4B94-95C5-232DDBF7FDD4}"
	ProjectSection(ProjectDependencies) = postProject
		{BBD02D30-A9A5-41ED-9C12-67EC17B5C08B} = {BBD02D30-A9A5-41ED-9C12-67EC17B5C08B}
	EndProjectSection
EndProject
Project("{8BC9CEB8-8B4A-11D0-8D11-00A0C91BC942}") = "Tutorial10B_RenderTargets", "Tutorial10B_RenderTargets\Tutorial10B_RenderTargets.vcxproj", "{7B634887-2562-447F-BC55-893E6F7FCB83}"
EndProject
Global
	GlobalSection(SolutionConfigurationPlatforms) = preSolution
		Debug|Win32 = Debug|Win32
		Release|Win32 = Release|Win32
	EndGlobalSection
	GlobalSection(ProjectConfigurationPlatforms) = postSolution
		{BBD02D30-A9A5-41ED-9C12-67EC17B5C08B}.Debug|Win32.ActiveCfg = Debug|Win32
		{BBD02D30-A9A5-41ED-9C12-67EC17B5C08B}.Debug|Win32.Build.0 = Debug|Win32
		{BBD02D30-A9A5-41ED-9C12-67EC17B5C08B}.Release|Win32.ActiveCfg = Release|Win32
		{BBD02D30-A9A5-41ED-9C12-67EC17B5C08B}.Release|Win32.Build.0 = Release|Win32
		{5D056CED-A513-41EE-A0DD-6ECFE546F6B0}.Debug|Win32.ActiveCfg = Debug|Win32
		{5D056CED-A513-41EE-A0DD-6ECFE546F6B0}.Debug|Win32.Build.0 = Debug|Win32
		{5D056CED-A513-41EE-A0DD-6ECFE546F6B0}.Release|Win32.ActiveCfg = Release|Win32
		{5D056CED-A513-41EE-A0DD-6ECFE546F6B0}.Release|Win32.Build.0 = Release|Win32
		{B53D0A73-FE97-43D0-910D-1C63FE462251}.Debug|Win32.ActiveCfg = Debug|Win32
		{B53D0A73-FE97-43D0-910D-1C63FE462251}.Debug|Win32.Build.0 = Debug|Win32
		{B53D0A73-FE97-43D0-910D-1C63FE462251}.Release|Win32.ActiveCfg = Release|Win32
		{B53D0A73-FE97-43D0-910D-1C63FE462251}.Release|Win32.Build.0 = Release|Win32
		{EA502ADD-3A94-4605-A4E3-829AA0318B9E}.Debug|Win32.ActiveCfg = Debug|Win32
		{EA502ADD-3A94-4605-A4E3-829AA0318B9E}.Debug|Win32.Build.0 = Debug|Win32
		{EA502ADD-3A94-4605-A4E3-829AA0318B9E}.Release|Win32.ActiveCfg = Release|Win32
		{EA502ADD-3A94-4605-A4E3-829AA0318B9E}.Release|Win32.Build.0 = Release|Win32
		{11608386-9E1E-4A13-86D3-5181F0B5D30F}.Debug|Win32.ActiveCfg = Debug|Win32
		{11608386-9E1E-4A13-86D3-5181F0B5D30F}.Debug|Win32.Build.0 = Debug|Win32
		{11608386-9E1E-4A13-86D3-5181F0B5D30F}.Release|Win32.ActiveCfg = Release|Win32
		{11608386-9E1E-4A13-86D3-5181F0B5D30F}.Release|Win32.Build.0 = Release|Win32
		{A248C2D5-3B1D-47A3-BCC4-B98C7D2AC2B2}.Debug|Win32.ActiveCfg = Debug|Win32
		{A248C2D5-3B1D-47A3-BCC4-B98C7D2AC2B2}.Debug|Win32.Build.0 = Debug|Win32
		{A248C2D5-3B1D-47A3-BCC4-B98C7D2AC2B2}.Release|Win32.ActiveCfg = Release|Win32
		{A248C2D5-3B1D-47A3-BCC4-B98C7D2AC2B2}.Release|Win32.Build.0 = Release|Win32
		{CAADB439-C592-4FA4-A5D7-19CEE3BC00EE}.Debug|Win32.ActiveCfg = Debug|Win32
		{CAADB439-C592-4FA4-A5D7-19CEE3BC00EE}.Debug|Win32.Build.0 = Debug|Win32
		{CAADB439-C592-4FA4-A5D7-19CEE3BC00EE}.Release|Win32.ActiveCfg = Release|Win32
		{CAADB439-C592-4FA4-A5D7-19CEE3BC00EE}.Release|Win32.Build.0 = Release|Win32
		{5828425B-786A-4AE9-801A-0F141CEB4A17}.Debug|Win32.ActiveCfg = Debug|Win32
		{5828425B-786A-4AE9-801A-0F141CEB4A17}.Debug|Win32.Build.0 = Debug|Win32
		{5828425B-786A-4AE9-801A-0F141CEB4A17}.Release|Win32.ActiveCfg = Release|Win32
		{5828425B-786A-4AE9-801A-0F141CEB4A17}.Release|Win32.Build.0 = Release|Win32
		{BF6FB829-4587-4A64-B0D1-44ACBD4E26FD}.Debug|Win32.ActiveCfg = Debug|Win32
		{BF6FB829-4587-4A64-B0D1-44ACBD4E26FD}.Debug|Win32.Build.0 = Debug|Win32
		{BF6FB829-4587-4A64-B0D1-44ACBD4E26FD}.Release|Win32.ActiveCfg = Release|Win32
		{BF6FB829-4587-4A64-B0D1-44ACBD4E26FD}.Release|Win32.Build.0 = Release|Win32
		{7EBB12C1-3422-4AED-8844-F37693457433}.Debug|Win32.ActiveCfg = Debug|Win32
		{7EBB12C1-3422-4AED-8844-F37693457433}.Debug|Win32.Build.0 = Debug|Win32
		{7EBB12C1-3422-4AED-8844-F37693457433}.Release|Win32.ActiveCfg = Release|Win32
		{7EBB12C1-3422-4AED-8844-F37693457433}.Release|Win32.Build.0 = Release|Win32
		{E1633FD4-D0E4-4C21-88AD-348F24FEB4BD}.Debug|Win32.ActiveCfg = Debug|Win32
		{E1633FD4-D0E4-4C21-88AD-348F24FEB4BD}.Debug|Win32.Build.0 = Debug|Win32
		{E1633FD4-D0E4-4C21-88AD-348F24FEB4BD}.Release|Win32.ActiveCfg = Release|Win32
		{E1633FD4-D0E4-4C21-88AD-348F24FEB4BD}.Release|Win32.Build.0 = Release|Win32
		{B7C9A419-B469-4A18-857E-BE53FCF25ED8}.Debug|Win32.ActiveCfg = Debug|Win32
		{B7C9A419-B469-4A18-857E-BE53FCF25ED8}.Debug|Win32.Build.0 = Debug|Win32
		{B7C9A419-B469-4A18-857E-BE53FCF25ED8}.Release|Win32.ActiveCfg = Release|Win32
		{B7C9A419-B469-4A18-857E-BE53FCF25ED8}.Release|Win32.Build.0 = Release|Win32
		{092911FC-C705-4B94-95C5-232DDBF7FDD4}.Debug|Win32.ActiveCfg = Debug|Win32
		{092911FC-C705-4B94-95C5-232DDBF7FDD4}.Debug|Win32.Build.0 = Debug|Win32
		{092911FC-C705-4B94-95C5-232DDBF7FDD4}.Release|Win32.ActiveCfg = Release|Win32
		{092911FC-C705-4B94-95C5-232DDBF7FDD4}.Release|Win32.Build.0 = Release|Win32
		{7B634887-2562-447F-BC55-893E6F7FCB83}.Debug|Win32.ActiveCfg = Debug|Win32
		{7B634887-2562-447F-BC55-893E6F7FCB83}.Debug|Win32.Build.0 = Debug|Win32
		{7B634887-2562-447F-BC55-893E6F7FCB83}.Release|Win32.ActiveCfg = Release|Win32
		{7B634887-2562-447F-BC55-893E6F7FCB83}.Release|Win32.Build.0 = Release|Win32
	EndGlobalSection
	GlobalSection(SolutionProperties) = preSolution
		HideSolutionNode = FALSE
	EndGlobalSection
EndGlobal
